
Microsoft Visual Studio Solution File, Format Version 12.00
# Visual Studio Version 16
VisualStudioVersion = 16.0.30011.22
MinimumVisualStudioVersion = 10.0.40219.1
Project("{FAE04EC0-301F-11D3-BF4B-00C04F79EFBC}") = "WebApplicationRelatorio", "..\src\WebApplicationRelatorio\WebApplicationRelatorio.csproj", "{3C3464D3-4ECE-42CB-B07F-6A156887FBB5}"
EndProject
Project("{FAE04EC0-301F-11D3-BF4B-00C04F79EFBC}") = "WebApplicationRelatorio.Repositorio", "WebApplicationRelatorio.Repositorio\WebApplicationRelatorio.Repositorio.csproj", "{0E9C280C-FFDE-47AF-958C-8CEE6D2EAC43}"
EndProject
Global
	GlobalSection(SolutionConfigurationPlatforms) = preSolution
		Debug|Any CPU = Debug|Any CPU
		Release|Any CPU = Release|Any CPU
	EndGlobalSection
	GlobalSection(ProjectConfigurationPlatforms) = postSolution
		{3C3464D3-4ECE-42CB-B07F-6A156887FBB5}.Debug|Any CPU.ActiveCfg = Debug|Any CPU
		{3C3464D3-4ECE-42CB-B07F-6A156887FBB5}.Debug|Any CPU.Build.0 = Debug|Any CPU
		{3C3464D3-4ECE-42CB-B07F-6A156887FBB5}.Release|Any CPU.ActiveCfg = Release|Any CPU
		{3C3464D3-4ECE-42CB-B07F-6A156887FBB5}.Release|Any CPU.Build.0 = Release|Any CPU
		{0E9C280C-FFDE-47AF-958C-8CEE6D2EAC43}.Debug|Any CPU.ActiveCfg = Debug|Any CPU
		{0E9C280C-FFDE-47AF-958C-8CEE6D2EAC43}.Debug|Any CPU.Build.0 = Debug|Any CPU
		{0E9C280C-FFDE-47AF-958C-8CEE6D2EAC43}.Release|Any CPU.ActiveCfg = Release|Any CPU
		{0E9C280C-FFDE-47AF-958C-8CEE6D2EAC43}.Release|Any CPU.Build.0 = Release|Any CPU
	EndGlobalSection
	GlobalSection(SolutionProperties) = preSolution
		HideSolutionNode = FALSE
	EndGlobalSection
	GlobalSection(ExtensibilityGlobals) = postSolution
		SolutionGuid = {2535648F-6CF9-44AC-A97A-B7FAE76E969A}
	EndGlobalSection
EndGlobal
